
Microsoft Visual Studio Solution File, Format Version 12.00
# Visual Studio Version 17
VisualStudioVersion = 17.4.33110.190
MinimumVisualStudioVersion = 10.0.40219.1
Project("{FAE04EC0-301F-11D3-BF4B-00C04F79EFBC}") = "ConsoleApp1", "ConsoleApp1.csproj", "{A239D173-F39D-4A80-9264-9FD3EB3A8E1C}"
EndProject
Global
	GlobalSection(SolutionConfigurationPlatforms) = preSolution
		Debug|Any CPU = Debug|Any CPU
		Release|Any CPU = Release|Any CPU
	EndGlobalSection
	GlobalSection(ProjectConfigurationPlatforms) = postSolution
		{A239D173-F39D-4A80-9264-9FD3EB3A8E1C}.Debug|Any CPU.ActiveCfg = Debug|Any CPU
		{A239D173-F39D-4A80-9264-9FD3EB3A8E1C}.Debug|Any CPU.Build.0 = Debug|Any CPU
		{A239D173-F39D-4A80-9264-9FD3EB3A8E1C}.Release|Any CPU.ActiveCfg = Release|Any CPU
		{A239D173-F39D-4A80-9264-9FD3EB3A8E1C}.Release|Any CPU.Build.0 = Release|Any CPU
	EndGlobalSection
	GlobalSection(SolutionProperties) = preSolution
		HideSolutionNode = FALSE
	EndGlobalSection
	GlobalSection(ExtensibilityGlobals) = postSolution
		SolutionGuid = {F799984A-9E01-450E-9F0E-6EC7E2C59FC8}
	EndGlobalSection
EndGlobal
